
Microsoft Visual Studio Solution File, Format Version 12.00
# Visual Studio Version 17
VisualStudioVersion = 17.0.31903.59
MinimumVisualStudioVersion = 10.0.40219.1
Project("{9A19103F-16F7-4668-BE54-9A1E7A4F7556}") = "blog-api", "blog-api\blog-api.csproj", "{0AA4C8D4-6D5B-46F2-BEC2-A8731D94D389}"
EndProject
Project("{FAE04EC0-301F-11D3-BF4B-00C04F79EFBC}") = "blog-api-test", "blog-api-test\blog-api-test.csproj", "{5467A84A-0F9A-438E-924A-789C19870BBD}"
EndProject
Global
	GlobalSection(SolutionConfigurationPlatforms) = preSolution
		Debug|Any CPU = Debug|Any CPU
		Release|Any CPU = Release|Any CPU
	EndGlobalSection
	GlobalSection(ProjectConfigurationPlatforms) = postSolution
		{0AA4C8D4-6D5B-46F2-BEC2-A8731D94D389}.Debug|Any CPU.ActiveCfg = Debug|Any CPU
		{0AA4C8D4-6D5B-46F2-BEC2-A8731D94D389}.Debug|Any CPU.Build.0 = Debug|Any CPU
		{0AA4C8D4-6D5B-46F2-BEC2-A8731D94D389}.Release|Any CPU.ActiveCfg = Release|Any CPU
		{0AA4C8D4-6D5B-46F2-BEC2-A8731D94D389}.Release|Any CPU.Build.0 = Release|Any CPU
		{5467A84A-0F9A-438E-924A-789C19870BBD}.Debug|Any CPU.ActiveCfg = Debug|Any CPU
		{5467A84A-0F9A-438E-924A-789C19870BBD}.Debug|Any CPU.Build.0 = Debug|Any CPU
		{5467A84A-0F9A-438E-924A-789C19870BBD}.Release|Any CPU.ActiveCfg = Release|Any CPU
		{5467A84A-0F9A-438E-924A-789C19870BBD}.Release|Any CPU.Build.0 = Release|Any CPU
	EndGlobalSection
	GlobalSection(SolutionProperties) = preSolution
		HideSolutionNode = FALSE
	EndGlobalSection
	GlobalSection(ExtensibilityGlobals) = postSolution
		SolutionGuid = {FCCB060C-6240-4366-A3A1-3859E8CB16F9}
	EndGlobalSection
EndGlobal
